
Microsoft Visual Studio Solution File, Format Version 12.00
# Visual Studio 15
VisualStudioVersion = 15.0.27428.2037
MinimumVisualStudioVersion = 10.0.40219.1
Project("{8BC9CEB8-8B4A-11D0-8D11-00A0C91BC942}") = "Lesson 8_3 Problem 2", "Lesson 8_3 Problem 2\Lesson 8_3 Problem 2.vcxproj", "{146E1044-B248-47CB-85D9-322C84CD06FB}"
EndProject
Global
	GlobalSection(SolutionConfigurationPlatforms) = preSolution
		Debug|x64 = Debug|x64
		Debug|x86 = Debug|x86
		Release|x64 = Release|x64
		Release|x86 = Release|x86
	EndGlobalSection
	GlobalSection(ProjectConfigurationPlatforms) = postSolution
		{146E1044-B248-47CB-85D9-322C84CD06FB}.Debug|x64.ActiveCfg = Debug|x64
		{146E1044-B248-47CB-85D9-322C84CD06FB}.Debug|x64.Build.0 = Debug|x64
		{146E1044-B248-47CB-85D9-322C84CD06FB}.Debug|x86.ActiveCfg = Debug|Win32
		{146E1044-B248-47CB-85D9-322C84CD06FB}.Debug|x86.Build.0 = Debug|Win32
		{146E1044-B248-47CB-85D9-322C84CD06FB}.Release|x64.ActiveCfg = Release|x64
		{146E1044-B248-47CB-85D9-322C84CD06FB}.Release|x64.Build.0 = Release|x64
		{146E1044-B248-47CB-85D9-322C84CD06FB}.Release|x86.ActiveCfg = Release|Win32
		{146E1044-B248-47CB-85D9-322C84CD06FB}.Release|x86.Build.0 = Release|Win32
	EndGlobalSection
	GlobalSection(SolutionProperties) = preSolution
		HideSolutionNode = FALSE
	EndGlobalSection
	GlobalSection(ExtensibilityGlobals) = postSolution
		SolutionGuid = {4CE7D7FB-7E93-43B2-899E-9D643A6AEBFD}
	EndGlobalSection
EndGlobal
