
Microsoft Visual Studio Solution File, Format Version 12.00
# Visual Studio 15
VisualStudioVersion = 15.0.27428.2037
MinimumVisualStudioVersion = 10.0.40219.1
Project("{8BC9CEB8-8B4A-11D0-8D11-00A0C91BC942}") = "Lesson 6_4 bubble sort", "Lesson 6_4 bubble sort\Lesson 6_4 bubble sort.vcxproj", "{88E29A90-1B2E-495D-86E7-8385B7AC2C6D}"
EndProject
Global
	GlobalSection(SolutionConfigurationPlatforms) = preSolution
		Debug|x64 = Debug|x64
		Debug|x86 = Debug|x86
		Release|x64 = Release|x64
		Release|x86 = Release|x86
	EndGlobalSection
	GlobalSection(ProjectConfigurationPlatforms) = postSolution
		{88E29A90-1B2E-495D-86E7-8385B7AC2C6D}.Debug|x64.ActiveCfg = Debug|x64
		{88E29A90-1B2E-495D-86E7-8385B7AC2C6D}.Debug|x64.Build.0 = Debug|x64
		{88E29A90-1B2E-495D-86E7-8385B7AC2C6D}.Debug|x86.ActiveCfg = Debug|Win32
		{88E29A90-1B2E-495D-86E7-8385B7AC2C6D}.Debug|x86.Build.0 = Debug|Win32
		{88E29A90-1B2E-495D-86E7-8385B7AC2C6D}.Release|x64.ActiveCfg = Release|x64
		{88E29A90-1B2E-495D-86E7-8385B7AC2C6D}.Release|x64.Build.0 = Release|x64
		{88E29A90-1B2E-495D-86E7-8385B7AC2C6D}.Release|x86.ActiveCfg = Release|Win32
		{88E29A90-1B2E-495D-86E7-8385B7AC2C6D}.Release|x86.Build.0 = Release|Win32
	EndGlobalSection
	GlobalSection(SolutionProperties) = preSolution
		HideSolutionNode = FALSE
	EndGlobalSection
	GlobalSection(ExtensibilityGlobals) = postSolution
		SolutionGuid = {DAB7B0DA-9B22-4547-B2CF-0E5541CF6E80}
	EndGlobalSection
EndGlobal
